
Microsoft Visual Studio Solution File, Format Version 12.00
# Visual Studio Version 17
VisualStudioVersion = 17.0.32014.148
MinimumVisualStudioVersion = 10.0.40219.1
Project("{FAE04EC0-301F-11D3-BF4B-00C04F79EFBC}") = "StudentsArray", "StudentsArray\StudentsArray.csproj", "{A5FBFE6D-DE4B-4699-B9E7-501F4D009613}"
EndProject
Global
	GlobalSection(SolutionConfigurationPlatforms) = preSolution
		Debug|Any CPU = Debug|Any CPU
		Release|Any CPU = Release|Any CPU
	EndGlobalSection
	GlobalSection(ProjectConfigurationPlatforms) = postSolution
		{A5FBFE6D-DE4B-4699-B9E7-501F4D009613}.Debug|Any CPU.ActiveCfg = Debug|Any CPU
		{A5FBFE6D-DE4B-4699-B9E7-501F4D009613}.Debug|Any CPU.Build.0 = Debug|Any CPU
		{A5FBFE6D-DE4B-4699-B9E7-501F4D009613}.Release|Any CPU.ActiveCfg = Release|Any CPU
		{A5FBFE6D-DE4B-4699-B9E7-501F4D009613}.Release|Any CPU.Build.0 = Release|Any CPU
	EndGlobalSection
	GlobalSection(SolutionProperties) = preSolution
		HideSolutionNode = FALSE
	EndGlobalSection
	GlobalSection(ExtensibilityGlobals) = postSolution
		SolutionGuid = {9227218C-B0AE-4AF9-9505-9334D0F7874F}
	EndGlobalSection
EndGlobal
